
Microsoft Visual Studio Solution File, Format Version 12.00
# Visual Studio Version 16
VisualStudioVersion = 16.0.31702.278
MinimumVisualStudioVersion = 10.0.40219.1
Project("{9A19103F-16F7-4668-BE54-9A1E7A4F7556}") = "Demo04", "Demo04\Demo04.csproj", "{4F157EF7-FF05-46ED-8821-F39E392848B0}"
EndProject
Project("{9A19103F-16F7-4668-BE54-9A1E7A4F7556}") = "Demo05", "Demo05\Demo05.csproj", "{43A9504F-3FEB-456F-88D1-51C111301FAC}"
EndProject
Project("{9A19103F-16F7-4668-BE54-9A1E7A4F7556}") = "Demo06", "Demo06\Demo06.csproj", "{E81DC2F8-66EB-43A7-A263-A3874D832161}"
EndProject
Project("{9A19103F-16F7-4668-BE54-9A1E7A4F7556}") = "Demo07", "Demo07\Demo07.csproj", "{0040A0F2-E8E2-4312-B2B1-629A61973678}"
EndProject
Project("{9A19103F-16F7-4668-BE54-9A1E7A4F7556}") = "Lab07-Extra", "Lab07-Extra\Lab07-Extra.csproj", "{E57C92FD-E3D7-42E7-9E11-F5986C902304}"
EndProject
Project("{9A19103F-16F7-4668-BE54-9A1E7A4F7556}") = "Demo08", "Demo08\Demo08.csproj", "{8D369BD7-8AD7-46EB-8718-DE8BDD92100D}"
EndProject
Project("{9A19103F-16F7-4668-BE54-9A1E7A4F7556}") = "Demo08-Angular", "Demo08-Angular\Demo08-Angular.csproj", "{D85BC788-D581-45F0-A9AF-3662A68AA011}"
EndProject
Project("{9A19103F-16F7-4668-BE54-9A1E7A4F7556}") = "Demo08 - React", "Demo08 - React\Demo08 - React.csproj", "{90D2EF2B-2113-4204-B27D-4883F529F70B}"
EndProject
Project("{9A19103F-16F7-4668-BE54-9A1E7A4F7556}") = "Demo10-Teste", "Demo10-Teste\Demo10-Teste.csproj", "{897A63DC-9AD1-4956-A038-3DED8B3AE752}"
EndProject
Project("{9A19103F-16F7-4668-BE54-9A1E7A4F7556}") = "Demo10-Dominio", "Demo10-Dominio\Demo10-Dominio.csproj", "{8BD18289-5033-44BE-B101-31159A2C7A91}"
EndProject
Project("{9A19103F-16F7-4668-BE54-9A1E7A4F7556}") = "EdgeDriverTest1", "EdgeDriverTest1\EdgeDriverTest1.csproj", "{EA59177D-2990-4A7F-B09E-4128DAE13841}"
EndProject
Project("{FAE04EC0-301F-11D3-BF4B-00C04F79EFBC}") = "POO", "POO\POO.csproj", "{2EFB24F5-B4DD-4EB5-B3E4-E97D9A2027E1}"
EndProject
Project("{FAE04EC0-301F-11D3-BF4B-00C04F79EFBC}") = "Demo10-01", "Demo10-01\Demo10-01.csproj", "{AB22E739-EFCC-4CEF-8E80-9560B253FCDC}"
EndProject
Project("{FAE04EC0-301F-11D3-BF4B-00C04F79EFBC}") = "Demo10-02", "Demo10-02\Demo10-02.csproj", "{B1A391CF-1F74-45C3-8161-47BBF4C9AF25}"
EndProject
Project("{FAE04EC0-301F-11D3-BF4B-00C04F79EFBC}") = "Demo10-03", "Demo10-03\Demo10-03.csproj", "{FE5340C5-3C11-4EB2-A793-5BA9D7E92372}"
EndProject
Project("{FAE04EC0-301F-11D3-BF4B-00C04F79EFBC}") = "Demo10-APIToken", "Demo10-APIToken\Demo10-APIToken.csproj", "{C8D859ED-7B9B-46B2-8D1E-CE9353A3342D}"
EndProject
Project("{FAE04EC0-301F-11D3-BF4B-00C04F79EFBC}") = "Demo12-Cache", "Demo12-Cache\Demo12-Cache.csproj", "{53ECCFF7-5970-40FD-96DC-41F218304600}"
EndProject
Project("{FAE04EC0-301F-11D3-BF4B-00C04F79EFBC}") = "Demo12-WebSocket", "Demo12-WebSocket\Demo12-WebSocket.csproj", "{E6803D96-4A88-45C1-BE35-1F220C7FF231}"
EndProject
Project("{FAE04EC0-301F-11D3-BF4B-00C04F79EFBC}") = "Demo12-SignalR", "Demo12-SignalR\Demo12-SignalR.csproj", "{227716B6-BE50-4833-B5A8-F64B9267DF8C}"
EndProject
Project("{FAE04EC0-301F-11D3-BF4B-00C04F79EFBC}") = "Demo13-APIPath", "Demo13-APIPath\Demo13-APIPath.csproj", "{E73455B7-696B-4112-8CD4-08B0DA520E8E}"
EndProject
Global
	GlobalSection(SolutionConfigurationPlatforms) = preSolution
		Debug|Any CPU = Debug|Any CPU
		Release|Any CPU = Release|Any CPU
	EndGlobalSection
	GlobalSection(ProjectConfigurationPlatforms) = postSolution
		{4F157EF7-FF05-46ED-8821-F39E392848B0}.Debug|Any CPU.ActiveCfg = Debug|Any CPU
		{4F157EF7-FF05-46ED-8821-F39E392848B0}.Debug|Any CPU.Build.0 = Debug|Any CPU
		{4F157EF7-FF05-46ED-8821-F39E392848B0}.Release|Any CPU.ActiveCfg = Release|Any CPU
		{4F157EF7-FF05-46ED-8821-F39E392848B0}.Release|Any CPU.Build.0 = Release|Any CPU
		{43A9504F-3FEB-456F-88D1-51C111301FAC}.Debug|Any CPU.ActiveCfg = Debug|Any CPU
		{43A9504F-3FEB-456F-88D1-51C111301FAC}.Debug|Any CPU.Build.0 = Debug|Any CPU
		{43A9504F-3FEB-456F-88D1-51C111301FAC}.Release|Any CPU.ActiveCfg = Release|Any CPU
		{43A9504F-3FEB-456F-88D1-51C111301FAC}.Release|Any CPU.Build.0 = Release|Any CPU
		{E81DC2F8-66EB-43A7-A263-A3874D832161}.Debug|Any CPU.ActiveCfg = Debug|Any CPU
		{E81DC2F8-66EB-43A7-A263-A3874D832161}.Debug|Any CPU.Build.0 = Debug|Any CPU
		{E81DC2F8-66EB-43A7-A263-A3874D832161}.Release|Any CPU.ActiveCfg = Release|Any CPU
		{E81DC2F8-66EB-43A7-A263-A3874D832161}.Release|Any CPU.Build.0 = Release|Any CPU
		{0040A0F2-E8E2-4312-B2B1-629A61973678}.Debug|Any CPU.ActiveCfg = Debug|Any CPU
		{0040A0F2-E8E2-4312-B2B1-629A61973678}.Debug|Any CPU.Build.0 = Debug|Any CPU
		{0040A0F2-E8E2-4312-B2B1-629A61973678}.Release|Any CPU.ActiveCfg = Release|Any CPU
		{0040A0F2-E8E2-4312-B2B1-629A61973678}.Release|Any CPU.Build.0 = Release|Any CPU
		{E57C92FD-E3D7-42E7-9E11-F5986C902304}.Debug|Any CPU.ActiveCfg = Debug|Any CPU
		{E57C92FD-E3D7-42E7-9E11-F5986C902304}.Debug|Any CPU.Build.0 = Debug|Any CPU
		{E57C92FD-E3D7-42E7-9E11-F5986C902304}.Release|Any CPU.ActiveCfg = Release|Any CPU
		{E57C92FD-E3D7-42E7-9E11-F5986C902304}.Release|Any CPU.Build.0 = Release|Any CPU
		{8D369BD7-8AD7-46EB-8718-DE8BDD92100D}.Debug|Any CPU.ActiveCfg = Debug|Any CPU
		{8D369BD7-8AD7-46EB-8718-DE8BDD92100D}.Debug|Any CPU.Build.0 = Debug|Any CPU
		{8D369BD7-8AD7-46EB-8718-DE8BDD92100D}.Release|Any CPU.ActiveCfg = Release|Any CPU
		{8D369BD7-8AD7-46EB-8718-DE8BDD92100D}.Release|Any CPU.Build.0 = Release|Any CPU
		{D85BC788-D581-45F0-A9AF-3662A68AA011}.Debug|Any CPU.ActiveCfg = Debug|Any CPU
		{D85BC788-D581-45F0-A9AF-3662A68AA011}.Debug|Any CPU.Build.0 = Debug|Any CPU
		{D85BC788-D581-45F0-A9AF-3662A68AA011}.Release|Any CPU.ActiveCfg = Release|Any CPU
		{D85BC788-D581-45F0-A9AF-3662A68AA011}.Release|Any CPU.Build.0 = Release|Any CPU
		{90D2EF2B-2113-4204-B27D-4883F529F70B}.Debug|Any CPU.ActiveCfg = Debug|Any CPU
		{90D2EF2B-2113-4204-B27D-4883F529F70B}.Debug|Any CPU.Build.0 = Debug|Any CPU
		{90D2EF2B-2113-4204-B27D-4883F529F70B}.Release|Any CPU.ActiveCfg = Release|Any CPU
		{90D2EF2B-2113-4204-B27D-4883F529F70B}.Release|Any CPU.Build.0 = Release|Any CPU
		{897A63DC-9AD1-4956-A038-3DED8B3AE752}.Debug|Any CPU.ActiveCfg = Debug|Any CPU
		{897A63DC-9AD1-4956-A038-3DED8B3AE752}.Debug|Any CPU.Build.0 = Debug|Any CPU
		{897A63DC-9AD1-4956-A038-3DED8B3AE752}.Release|Any CPU.ActiveCfg = Release|Any CPU
		{897A63DC-9AD1-4956-A038-3DED8B3AE752}.Release|Any CPU.Build.0 = Release|Any CPU
		{8BD18289-5033-44BE-B101-31159A2C7A91}.Debug|Any CPU.ActiveCfg = Debug|Any CPU
		{8BD18289-5033-44BE-B101-31159A2C7A91}.Debug|Any CPU.Build.0 = Debug|Any CPU
		{8BD18289-5033-44BE-B101-31159A2C7A91}.Release|Any CPU.ActiveCfg = Release|Any CPU
		{8BD18289-5033-44BE-B101-31159A2C7A91}.Release|Any CPU.Build.0 = Release|Any CPU
		{EA59177D-2990-4A7F-B09E-4128DAE13841}.Debug|Any CPU.ActiveCfg = Debug|Any CPU
		{EA59177D-2990-4A7F-B09E-4128DAE13841}.Debug|Any CPU.Build.0 = Debug|Any CPU
		{EA59177D-2990-4A7F-B09E-4128DAE13841}.Release|Any CPU.ActiveCfg = Release|Any CPU
		{EA59177D-2990-4A7F-B09E-4128DAE13841}.Release|Any CPU.Build.0 = Release|Any CPU
		{2EFB24F5-B4DD-4EB5-B3E4-E97D9A2027E1}.Debug|Any CPU.ActiveCfg = Debug|Any CPU
		{2EFB24F5-B4DD-4EB5-B3E4-E97D9A2027E1}.Debug|Any CPU.Build.0 = Debug|Any CPU
		{2EFB24F5-B4DD-4EB5-B3E4-E97D9A2027E1}.Release|Any CPU.ActiveCfg = Release|Any CPU
		{2EFB24F5-B4DD-4EB5-B3E4-E97D9A2027E1}.Release|Any CPU.Build.0 = Release|Any CPU
		{AB22E739-EFCC-4CEF-8E80-9560B253FCDC}.Debug|Any CPU.ActiveCfg = Debug|Any CPU
		{AB22E739-EFCC-4CEF-8E80-9560B253FCDC}.Debug|Any CPU.Build.0 = Debug|Any CPU
		{AB22E739-EFCC-4CEF-8E80-9560B253FCDC}.Release|Any CPU.ActiveCfg = Release|Any CPU
		{AB22E739-EFCC-4CEF-8E80-9560B253FCDC}.Release|Any CPU.Build.0 = Release|Any CPU
		{B1A391CF-1F74-45C3-8161-47BBF4C9AF25}.Debug|Any CPU.ActiveCfg = Debug|Any CPU
		{B1A391CF-1F74-45C3-8161-47BBF4C9AF25}.Debug|Any CPU.Build.0 = Debug|Any CPU
		{B1A391CF-1F74-45C3-8161-47BBF4C9AF25}.Release|Any CPU.ActiveCfg = Release|Any CPU
		{B1A391CF-1F74-45C3-8161-47BBF4C9AF25}.Release|Any CPU.Build.0 = Release|Any CPU
		{FE5340C5-3C11-4EB2-A793-5BA9D7E92372}.Debug|Any CPU.ActiveCfg = Debug|Any CPU
		{FE5340C5-3C11-4EB2-A793-5BA9D7E92372}.Debug|Any CPU.Build.0 = Debug|Any CPU
		{FE5340C5-3C11-4EB2-A793-5BA9D7E92372}.Release|Any CPU.ActiveCfg = Release|Any CPU
		{FE5340C5-3C11-4EB2-A793-5BA9D7E92372}.Release|Any CPU.Build.0 = Release|Any CPU
		{C8D859ED-7B9B-46B2-8D1E-CE9353A3342D}.Debug|Any CPU.ActiveCfg = Debug|Any CPU
		{C8D859ED-7B9B-46B2-8D1E-CE9353A3342D}.Debug|Any CPU.Build.0 = Debug|Any CPU
		{C8D859ED-7B9B-46B2-8D1E-CE9353A3342D}.Release|Any CPU.ActiveCfg = Release|Any CPU
		{C8D859ED-7B9B-46B2-8D1E-CE9353A3342D}.Release|Any CPU.Build.0 = Release|Any CPU
		{53ECCFF7-5970-40FD-96DC-41F218304600}.Debug|Any CPU.ActiveCfg = Debug|Any CPU
		{53ECCFF7-5970-40FD-96DC-41F218304600}.Debug|Any CPU.Build.0 = Debug|Any CPU
		{53ECCFF7-5970-40FD-96DC-41F218304600}.Release|Any CPU.ActiveCfg = Release|Any CPU
		{53ECCFF7-5970-40FD-96DC-41F218304600}.Release|Any CPU.Build.0 = Release|Any CPU
		{E6803D96-4A88-45C1-BE35-1F220C7FF231}.Debug|Any CPU.ActiveCfg = Debug|Any CPU
		{E6803D96-4A88-45C1-BE35-1F220C7FF231}.Debug|Any CPU.Build.0 = Debug|Any CPU
		{E6803D96-4A88-45C1-BE35-1F220C7FF231}.Release|Any CPU.ActiveCfg = Release|Any CPU
		{E6803D96-4A88-45C1-BE35-1F220C7FF231}.Release|Any CPU.Build.0 = Release|Any CPU
		{227716B6-BE50-4833-B5A8-F64B9267DF8C}.Debug|Any CPU.ActiveCfg = Debug|Any CPU
		{227716B6-BE50-4833-B5A8-F64B9267DF8C}.Debug|Any CPU.Build.0 = Debug|Any CPU
		{227716B6-BE50-4833-B5A8-F64B9267DF8C}.Release|Any CPU.ActiveCfg = Release|Any CPU
		{227716B6-BE50-4833-B5A8-F64B9267DF8C}.Release|Any CPU.Build.0 = Release|Any CPU
		{E73455B7-696B-4112-8CD4-08B0DA520E8E}.Debug|Any CPU.ActiveCfg = Debug|Any CPU
		{E73455B7-696B-4112-8CD4-08B0DA520E8E}.Debug|Any CPU.Build.0 = Debug|Any CPU
		{E73455B7-696B-4112-8CD4-08B0DA520E8E}.Release|Any CPU.ActiveCfg = Release|Any CPU
		{E73455B7-696B-4112-8CD4-08B0DA520E8E}.Release|Any CPU.Build.0 = Release|Any CPU
	EndGlobalSection
	GlobalSection(SolutionProperties) = preSolution
		HideSolutionNode = FALSE
	EndGlobalSection
	GlobalSection(ExtensibilityGlobals) = postSolution
		SolutionGuid = {C1FDB992-64C8-4ED6-8773-A9876E74B480}
	EndGlobalSection
EndGlobal
